<?xml version="1.0" encoding="UTF-8" standalone="yes" ?>
<CodeBlocks_project_file>
	<FileVersion major="1" minor="6" />
	<Project>
		<Option title="redbed_part1&amp;2" />
		<Option pch_mode="2" />
		<Option compiler="gcc" />
		<Build>
			<Target title="Debug">
				<Option output="bin/Debug/ghatzouahh" prefix_auto="1" extension_auto="1" />
				<Option object_output="obj/Debug/" />
				<Option type="1" />
				<Option compiler="gcc" />
				<Compiler>
					<Add option="-g" />
				</Compiler>
				<Linker>
					<Add library="C:/Program Files/CodeBlocks/SDL-1.2.15/lib/x86/SDL_ttf.lib" />
					<Add library="C:/Program Files/CodeBlocks/SDL-1.2.15/lib/x64/SDL_ttf.lib" />
				</Linker>
			</Target>
			<Target title="Release">
				<Option output="bin/Release/ghatzouahh" prefix_auto="1" extension_auto="1" />
				<Option object_output="obj/Release/" />
				<Option type="0" />
				<Option compiler="gcc" />
				<Compiler>
					<Add option="-O2" />
				</Compiler>
				<Linker>
					<Add option="-s" />
				</Linker>
			</Target>
		</Build>
		<Compiler>
			<Add option="-Wall" />
			<Add directory="C:/Program Files/CodeBlocks/SDL-1.2.15/include" />
		</Compiler>
		<Linker>
			<Add library="mingw32" />
			<Add library="SDLmain" />
			<Add library="SDL.dll" />
			<Add library="user32" />
			<Add library="gdi32" />
			<Add library="winmm" />
			<Add library="dxguid" />
			<Add library="C:/Program Files/CodeBlocks/SDL-1.2.15/lib/x64/SDL_ttf.lib" />
			<Add directory="C:/Program Files/CodeBlocks/SDL-1.2.15/lib" />
		</Linker>
		<Unit filename="cb.bmp" />
		<Unit filename="constantes.h" />
		<Unit filename="fonction.c">
			<Option compilerVar="CC" />
		</Unit>
		<Unit filename="fonction.h" />
		<Unit filename="main.cpp" />
		<Unit filename="partie1.c">
			<Option compilerVar="CC" />
		</Unit>
		<Unit filename="partie1.h" />
		<Unit filename="partie2.c">
			<Option compilerVar="CC" />
		</Unit>
		<Unit filename="partie2.h" />
		<Extensions>
			<code_completion />
			<envvars />
			<debugger />
			<lib_finder disable_auto="1" />
		</Extensions>
	</Project>
</CodeBlocks_project_file>
